
Microsoft Visual Studio Solution File, Format Version 12.00
# Visual Studio Version 16
VisualStudioVersion = 16.0.35026.282
MinimumVisualStudioVersion = 10.0.40219.1
Project("{8BC9CEB8-8B4A-11D0-8D11-00A0C91BC942}") = "FortigateTools", "FortigateTools.vcxproj", "{8D59C994-7678-4794-999D-34767ABD109F}"
EndProject
Project("{8BC9CEB8-8B4A-11D0-8D11-00A0C91BC942}") = "DecryptRootfs", "decryptRootfs\decryptRootfs.vcxproj", "{D1D5A9C1-B85B-412B-A391-7F92B7561C24}"
EndProject
Global
	GlobalSection(SolutionConfigurationPlatforms) = preSolution
		Debug|x64 = Debug|x64
		Debug|x86 = Debug|x86
		Release|x64 = Release|x64
		Release|x86 = Release|x86
	EndGlobalSection
	GlobalSection(ProjectConfigurationPlatforms) = postSolution
		{8D59C994-7678-4794-999D-34767ABD109F}.Debug|x64.ActiveCfg = Debug|x64
		{8D59C994-7678-4794-999D-34767ABD109F}.Debug|x64.Build.0 = Debug|x64
		{8D59C994-7678-4794-999D-34767ABD109F}.Debug|x86.ActiveCfg = Debug|Win32
		{8D59C994-7678-4794-999D-34767ABD109F}.Debug|x86.Build.0 = Debug|Win32
		{8D59C994-7678-4794-999D-34767ABD109F}.Release|x64.ActiveCfg = Release|x64
		{8D59C994-7678-4794-999D-34767ABD109F}.Release|x64.Build.0 = Release|x64
		{8D59C994-7678-4794-999D-34767ABD109F}.Release|x86.ActiveCfg = Release|Win32
		{8D59C994-7678-4794-999D-34767ABD109F}.Release|x86.Build.0 = Release|Win32
		{D1D5A9C1-B85B-412B-A391-7F92B7561C24}.Debug|x64.ActiveCfg = Debug|x64
		{D1D5A9C1-B85B-412B-A391-7F92B7561C24}.Debug|x64.Build.0 = Debug|x64
		{D1D5A9C1-B85B-412B-A391-7F92B7561C24}.Debug|x86.ActiveCfg = Debug|Win32
		{D1D5A9C1-B85B-412B-A391-7F92B7561C24}.Debug|x86.Build.0 = Debug|Win32
		{D1D5A9C1-B85B-412B-A391-7F92B7561C24}.Release|x64.ActiveCfg = Release|x64
		{D1D5A9C1-B85B-412B-A391-7F92B7561C24}.Release|x64.Build.0 = Release|x64
		{D1D5A9C1-B85B-412B-A391-7F92B7561C24}.Release|x86.ActiveCfg = Release|Win32
		{D1D5A9C1-B85B-412B-A391-7F92B7561C24}.Release|x86.Build.0 = Release|Win32
	EndGlobalSection
	GlobalSection(SolutionProperties) = preSolution
		HideSolutionNode = FALSE
	EndGlobalSection
	GlobalSection(ExtensibilityGlobals) = postSolution
		SolutionGuid = {2152FADB-94D4-4F49-9007-C66D74B7AD5B}
	EndGlobalSection
EndGlobal
